
Microsoft Visual Studio Solution File, Format Version 12.00
# Visual Studio Version 16
Project("{2150E333-8FDC-42A3-9474-1A3956D46DE8}") = "CMakePredefinedTargets", "CMakePredefinedTargets", "{F42F9473-DCC5-3A85-BF1D-66E330705CA2}"
EndProject
Project("{8BC9CEB8-8B4A-11D0-8D11-00A0C91BC942}") = "ALL_BUILD", "ALL_BUILD.vcxproj", "{ADE07E66-17C7-38FD-964A-9F8AF3D64458}"
	ProjectSection(ProjectDependencies) = postProject
		{038890B9-D29C-3CFC-A4F7-87DA588650D9} = {038890B9-D29C-3CFC-A4F7-87DA588650D9}
		{88C85213-6951-37FF-9576-8BFB4CABCBE1} = {88C85213-6951-37FF-9576-8BFB4CABCBE1}
	EndProjectSection
EndProject
Project("{8BC9CEB8-8B4A-11D0-8D11-00A0C91BC942}") = "INSTALL", "INSTALL.vcxproj", "{8D85F669-E4C7-32FB-B84D-44BFDFAAF48B}"
	ProjectSection(ProjectDependencies) = postProject
		{ADE07E66-17C7-38FD-964A-9F8AF3D64458} = {ADE07E66-17C7-38FD-964A-9F8AF3D64458}
		{038890B9-D29C-3CFC-A4F7-87DA588650D9} = {038890B9-D29C-3CFC-A4F7-87DA588650D9}
	EndProjectSection
EndProject
Project("{8BC9CEB8-8B4A-11D0-8D11-00A0C91BC942}") = "ZERO_CHECK", "..\..\\ZERO_CHECK.vcxproj", "{038890B9-D29C-3CFC-A4F7-87DA588650D9}"
	ProjectSection(ProjectDependencies) = postProject
	EndProjectSection
EndProject
Project("{8BC9CEB8-8B4A-11D0-8D11-00A0C91BC942}") = "glad", "glad.vcxproj", "{88C85213-6951-37FF-9576-8BFB4CABCBE1}"
	ProjectSection(ProjectDependencies) = postProject
		{038890B9-D29C-3CFC-A4F7-87DA588650D9} = {038890B9-D29C-3CFC-A4F7-87DA588650D9}
	EndProjectSection
EndProject
Global
	GlobalSection(SolutionConfigurationPlatforms) = preSolution
		Debug|x64 = Debug|x64
		Release|x64 = Release|x64
		MinSizeRel|x64 = MinSizeRel|x64
		RelWithDebInfo|x64 = RelWithDebInfo|x64
	EndGlobalSection
	GlobalSection(ProjectConfigurationPlatforms) = postSolution
		{ADE07E66-17C7-38FD-964A-9F8AF3D64458}.Debug|x64.ActiveCfg = Debug|x64
		{ADE07E66-17C7-38FD-964A-9F8AF3D64458}.Debug|x64.Build.0 = Debug|x64
		{ADE07E66-17C7-38FD-964A-9F8AF3D64458}.Release|x64.ActiveCfg = Release|x64
		{ADE07E66-17C7-38FD-964A-9F8AF3D64458}.Release|x64.Build.0 = Release|x64
		{ADE07E66-17C7-38FD-964A-9F8AF3D64458}.MinSizeRel|x64.ActiveCfg = MinSizeRel|x64
		{ADE07E66-17C7-38FD-964A-9F8AF3D64458}.MinSizeRel|x64.Build.0 = MinSizeRel|x64
		{ADE07E66-17C7-38FD-964A-9F8AF3D64458}.RelWithDebInfo|x64.ActiveCfg = RelWithDebInfo|x64
		{ADE07E66-17C7-38FD-964A-9F8AF3D64458}.RelWithDebInfo|x64.Build.0 = RelWithDebInfo|x64
		{8D85F669-E4C7-32FB-B84D-44BFDFAAF48B}.Debug|x64.ActiveCfg = Debug|x64
		{8D85F669-E4C7-32FB-B84D-44BFDFAAF48B}.Release|x64.ActiveCfg = Release|x64
		{8D85F669-E4C7-32FB-B84D-44BFDFAAF48B}.MinSizeRel|x64.ActiveCfg = MinSizeRel|x64
		{8D85F669-E4C7-32FB-B84D-44BFDFAAF48B}.RelWithDebInfo|x64.ActiveCfg = RelWithDebInfo|x64
		{038890B9-D29C-3CFC-A4F7-87DA588650D9}.Debug|x64.ActiveCfg = Debug|x64
		{038890B9-D29C-3CFC-A4F7-87DA588650D9}.Debug|x64.Build.0 = Debug|x64
		{038890B9-D29C-3CFC-A4F7-87DA588650D9}.Release|x64.ActiveCfg = Release|x64
		{038890B9-D29C-3CFC-A4F7-87DA588650D9}.Release|x64.Build.0 = Release|x64
		{038890B9-D29C-3CFC-A4F7-87DA588650D9}.MinSizeRel|x64.ActiveCfg = MinSizeRel|x64
		{038890B9-D29C-3CFC-A4F7-87DA588650D9}.MinSizeRel|x64.Build.0 = MinSizeRel|x64
		{038890B9-D29C-3CFC-A4F7-87DA588650D9}.RelWithDebInfo|x64.ActiveCfg = RelWithDebInfo|x64
		{038890B9-D29C-3CFC-A4F7-87DA588650D9}.RelWithDebInfo|x64.Build.0 = RelWithDebInfo|x64
		{88C85213-6951-37FF-9576-8BFB4CABCBE1}.Debug|x64.ActiveCfg = Debug|x64
		{88C85213-6951-37FF-9576-8BFB4CABCBE1}.Debug|x64.Build.0 = Debug|x64
		{88C85213-6951-37FF-9576-8BFB4CABCBE1}.Release|x64.ActiveCfg = Release|x64
		{88C85213-6951-37FF-9576-8BFB4CABCBE1}.Release|x64.Build.0 = Release|x64
		{88C85213-6951-37FF-9576-8BFB4CABCBE1}.MinSizeRel|x64.ActiveCfg = MinSizeRel|x64
		{88C85213-6951-37FF-9576-8BFB4CABCBE1}.MinSizeRel|x64.Build.0 = MinSizeRel|x64
		{88C85213-6951-37FF-9576-8BFB4CABCBE1}.RelWithDebInfo|x64.ActiveCfg = RelWithDebInfo|x64
		{88C85213-6951-37FF-9576-8BFB4CABCBE1}.RelWithDebInfo|x64.Build.0 = RelWithDebInfo|x64
	EndGlobalSection
	GlobalSection(NestedProjects) = preSolution
		{ADE07E66-17C7-38FD-964A-9F8AF3D64458} = {F42F9473-DCC5-3A85-BF1D-66E330705CA2}
		{8D85F669-E4C7-32FB-B84D-44BFDFAAF48B} = {F42F9473-DCC5-3A85-BF1D-66E330705CA2}
		{038890B9-D29C-3CFC-A4F7-87DA588650D9} = {F42F9473-DCC5-3A85-BF1D-66E330705CA2}
	EndGlobalSection
	GlobalSection(ExtensibilityGlobals) = postSolution
		SolutionGuid = {24F3A672-ADEE-35D8-A873-CF375BC3B696}
	EndGlobalSection
	GlobalSection(ExtensibilityAddIns) = postSolution
	EndGlobalSection
EndGlobal
