
Microsoft Visual Studio Solution File, Format Version 12.00
# Visual Studio Version 16
VisualStudioVersion = 16.0.30204.135
MinimumVisualStudioVersion = 10.0.40219.1
Project("{8BC9CEB8-8B4A-11D0-8D11-00A0C91BC942}") = "UnitTest", "UnitTest\UnitTest.vcxproj", "{2FD21293-28B9-4D1A-80FC-1FCE6ADB09B3}"
EndProject
Project("{8BC9CEB8-8B4A-11D0-8D11-00A0C91BC942}") = "CrunchMath", "CrunchMath\CrunchMath.vcxproj", "{E09BAEDE-49A7-4895-A06E-8F80FEC1F82D}"
EndProject
Project("{8BC9CEB8-8B4A-11D0-8D11-00A0C91BC942}") = "TestBed2D", "TestBed2D\TestBed2D.vcxproj", "{A6C4ED5D-7BA9-4228-B883-7335370C1890}"
EndProject
Global
	GlobalSection(SolutionConfigurationPlatforms) = preSolution
		Debug|x64 = Debug|x64
		Debug|x86 = Debug|x86
		Release|x64 = Release|x64
		Release|x86 = Release|x86
	EndGlobalSection
	GlobalSection(ProjectConfigurationPlatforms) = postSolution
		{2FD21293-28B9-4D1A-80FC-1FCE6ADB09B3}.Debug|x64.ActiveCfg = Debug|x64
		{2FD21293-28B9-4D1A-80FC-1FCE6ADB09B3}.Debug|x64.Build.0 = Debug|x64
		{2FD21293-28B9-4D1A-80FC-1FCE6ADB09B3}.Debug|x86.ActiveCfg = Debug|Win32
		{2FD21293-28B9-4D1A-80FC-1FCE6ADB09B3}.Debug|x86.Build.0 = Debug|Win32
		{2FD21293-28B9-4D1A-80FC-1FCE6ADB09B3}.Release|x64.ActiveCfg = Release|x64
		{2FD21293-28B9-4D1A-80FC-1FCE6ADB09B3}.Release|x64.Build.0 = Release|x64
		{2FD21293-28B9-4D1A-80FC-1FCE6ADB09B3}.Release|x86.ActiveCfg = Release|Win32
		{2FD21293-28B9-4D1A-80FC-1FCE6ADB09B3}.Release|x86.Build.0 = Release|Win32
		{E09BAEDE-49A7-4895-A06E-8F80FEC1F82D}.Debug|x64.ActiveCfg = Debug|x64
		{E09BAEDE-49A7-4895-A06E-8F80FEC1F82D}.Debug|x64.Build.0 = Debug|x64
		{E09BAEDE-49A7-4895-A06E-8F80FEC1F82D}.Debug|x86.ActiveCfg = Debug|Win32
		{E09BAEDE-49A7-4895-A06E-8F80FEC1F82D}.Debug|x86.Build.0 = Debug|Win32
		{E09BAEDE-49A7-4895-A06E-8F80FEC1F82D}.Release|x64.ActiveCfg = Release|x64
		{E09BAEDE-49A7-4895-A06E-8F80FEC1F82D}.Release|x64.Build.0 = Release|x64
		{E09BAEDE-49A7-4895-A06E-8F80FEC1F82D}.Release|x86.ActiveCfg = Release|Win32
		{E09BAEDE-49A7-4895-A06E-8F80FEC1F82D}.Release|x86.Build.0 = Release|Win32
		{A6C4ED5D-7BA9-4228-B883-7335370C1890}.Debug|x64.ActiveCfg = Debug|x64
		{A6C4ED5D-7BA9-4228-B883-7335370C1890}.Debug|x64.Build.0 = Debug|x64
		{A6C4ED5D-7BA9-4228-B883-7335370C1890}.Debug|x86.ActiveCfg = Debug|Win32
		{A6C4ED5D-7BA9-4228-B883-7335370C1890}.Debug|x86.Build.0 = Debug|Win32
		{A6C4ED5D-7BA9-4228-B883-7335370C1890}.Release|x64.ActiveCfg = Release|x64
		{A6C4ED5D-7BA9-4228-B883-7335370C1890}.Release|x64.Build.0 = Release|x64
		{A6C4ED5D-7BA9-4228-B883-7335370C1890}.Release|x86.ActiveCfg = Release|Win32
		{A6C4ED5D-7BA9-4228-B883-7335370C1890}.Release|x86.Build.0 = Release|Win32
	EndGlobalSection
	GlobalSection(SolutionProperties) = preSolution
		HideSolutionNode = FALSE
	EndGlobalSection
	GlobalSection(ExtensibilityGlobals) = postSolution
		SolutionGuid = {F5A69241-CBB4-4202-B4A0-FB826BECCFAF}
	EndGlobalSection
EndGlobal
