<?xml version="1.0" encoding="utf-8"?>
<Project ToolsVersion="16.0" xmlns="http://schemas.microsoft.com/developer/msbuild/2003">
  <ItemGroup>
    <ClCompile Include="C:\Dev\MyProjects\CrunchMath\TestBed2D\src\Main.cpp">
      <Filter>src</Filter>
    </ClCompile>
  </ItemGroup>
  <ItemGroup>
    <ClInclude Include="C:\Dev\MyProjects\CrunchMath\TestBed2D\src\Geometry\Box.h">
      <Filter>src\Geometry</Filter>
    </ClInclude>
    <ClInclude Include="C:\Dev\MyProjects\CrunchMath\TestBed2D\src\Geometry\Circle.h">
      <Filter>src\Geometry</Filter>
    </ClInclude>
    <ClInclude Include="C:\Dev\MyProjects\CrunchMath\TestBed2D\src\Geometry\Geometry.h">
      <Filter>src\Geometry</Filter>
    </ClInclude>
  </ItemGroup>
  <ItemGroup>
    <CustomBuild Include="C:\Dev\MyProjects\CrunchMath\TestBed2D\CMakeLists.txt" />
  </ItemGroup>
  <ItemGroup>
    <Filter Include="src">
      <UniqueIdentifier>{6FCF1D4E-CA6B-31E4-855E-13271B646B2A}</UniqueIdentifier>
    </Filter>
    <Filter Include="src\Geometry">
      <UniqueIdentifier>{1A641E0C-DBFC-3309-AAB0-609750EFD778}</UniqueIdentifier>
    </Filter>
  </ItemGroup>
</Project>
