<?xml version="1.0" encoding="utf-8"?>
<Project ToolsVersion="16.0" xmlns="http://schemas.microsoft.com/developer/msbuild/2003">
  <ItemGroup>
    <CustomBuild Include="C:\Dev\MyProjects\CrunchMath\WindowsBuild\CMakeFiles\2b37c88388a0b1bc6a8f08247b6bee2b\uninstall.rule">
      <Filter>CMake Rules</Filter>
    </CustomBuild>
    <CustomBuild Include="C:\Dev\MyProjects\CrunchMath\Dependencies\glfw\CMakeLists.txt" />
  </ItemGroup>
  <ItemGroup>
    <None Include="C:\Dev\MyProjects\CrunchMath\WindowsBuild\Dependencies\glfw\CMakeFiles\uninstall" />
  </ItemGroup>
  <ItemGroup>
    <Filter Include="CMake Rules">
      <UniqueIdentifier>{0E52269D-01F9-374E-AA11-AEDDEAFC86A3}</UniqueIdentifier>
    </Filter>
  </ItemGroup>
</Project>
