<?xml version="1.0" encoding="utf-8"?>
<Project ToolsVersion="16.0" xmlns="http://schemas.microsoft.com/developer/msbuild/2003">
  <ItemGroup>
    <ClCompile Include="C:\Dev\MyProjects\CrunchMath\CrunchMath\src\Math\AABB.cpp">
      <Filter>src\Math</Filter>
    </ClCompile>
    <ClCompile Include="C:\Dev\MyProjects\CrunchMath\CrunchMath\src\Math\BVH\BVHSphere.cpp">
      <Filter>src\Math\BVH</Filter>
    </ClCompile>
    <ClCompile Include="C:\Dev\MyProjects\CrunchMath\CrunchMath\src\Math\Mat3x3.cpp">
      <Filter>src\Math</Filter>
    </ClCompile>
    <ClCompile Include="C:\Dev\MyProjects\CrunchMath\CrunchMath\src\Math\Mat4x4.cpp">
      <Filter>src\Math</Filter>
    </ClCompile>
    <ClCompile Include="C:\Dev\MyProjects\CrunchMath\CrunchMath\src\Math\Math_Util.cpp">
      <Filter>src\Math</Filter>
    </ClCompile>
    <ClCompile Include="C:\Dev\MyProjects\CrunchMath\CrunchMath\src\Math\OBB.cpp">
      <Filter>src\Math</Filter>
    </ClCompile>
    <ClCompile Include="C:\Dev\MyProjects\CrunchMath\CrunchMath\src\Math\Quaternion.cpp">
      <Filter>src\Math</Filter>
    </ClCompile>
    <ClCompile Include="C:\Dev\MyProjects\CrunchMath\CrunchMath\src\Math\Sphere.cpp">
      <Filter>src\Math</Filter>
    </ClCompile>
    <ClCompile Include="C:\Dev\MyProjects\CrunchMath\CrunchMath\src\Math\Vec3.cpp">
      <Filter>src\Math</Filter>
    </ClCompile>
    <ClCompile Include="C:\Dev\MyProjects\CrunchMath\CrunchMath\src\Math\Vec4.cpp">
      <Filter>src\Math</Filter>
    </ClCompile>
    <ClCompile Include="C:\Dev\MyProjects\CrunchMath\CrunchMath\src\Physics\Body.cpp">
      <Filter>src\Physics</Filter>
    </ClCompile>
    <ClCompile Include="C:\Dev\MyProjects\CrunchMath\CrunchMath\src\Physics\Collisions.cpp">
      <Filter>src\Physics</Filter>
    </ClCompile>
    <ClCompile Include="C:\Dev\MyProjects\CrunchMath\CrunchMath\src\Physics\Contacts.cpp">
      <Filter>src\Physics</Filter>
    </ClCompile>
  </ItemGroup>
  <ItemGroup>
    <ClInclude Include="C:\Dev\MyProjects\CrunchMath\CrunchMath\src\Math\AABB.h">
      <Filter>src\Math</Filter>
    </ClInclude>
    <ClInclude Include="C:\Dev\MyProjects\CrunchMath\CrunchMath\src\Math\BVH\BVHDS.hpp">
      <Filter>src\Math\BVH</Filter>
    </ClInclude>
    <ClInclude Include="C:\Dev\MyProjects\CrunchMath\CrunchMath\src\Math\BVH\BVHSphere.h">
      <Filter>src\Math\BVH</Filter>
    </ClInclude>
    <ClInclude Include="C:\Dev\MyProjects\CrunchMath\CrunchMath\src\Math\GeometricUtility.h">
      <Filter>src\Math</Filter>
    </ClInclude>
    <ClInclude Include="C:\Dev\MyProjects\CrunchMath\CrunchMath\src\Math\Mat3x3.h">
      <Filter>src\Math</Filter>
    </ClInclude>
    <ClInclude Include="C:\Dev\MyProjects\CrunchMath\CrunchMath\src\Math\Mat4x4.h">
      <Filter>src\Math</Filter>
    </ClInclude>
    <ClInclude Include="C:\Dev\MyProjects\CrunchMath\CrunchMath\src\Math\Math_Util.h">
      <Filter>src\Math</Filter>
    </ClInclude>
    <ClInclude Include="C:\Dev\MyProjects\CrunchMath\CrunchMath\src\Math\OBB.h">
      <Filter>src\Math</Filter>
    </ClInclude>
    <ClInclude Include="C:\Dev\MyProjects\CrunchMath\CrunchMath\src\Math\Quaternion.h">
      <Filter>src\Math</Filter>
    </ClInclude>
    <ClInclude Include="C:\Dev\MyProjects\CrunchMath\CrunchMath\src\Math\Sphere.h">
      <Filter>src\Math</Filter>
    </ClInclude>
    <ClInclude Include="C:\Dev\MyProjects\CrunchMath\CrunchMath\src\Math\Vec3.h">
      <Filter>src\Math</Filter>
    </ClInclude>
    <ClInclude Include="C:\Dev\MyProjects\CrunchMath\CrunchMath\src\Math\Vec4.h">
      <Filter>src\Math</Filter>
    </ClInclude>
    <ClInclude Include="C:\Dev\MyProjects\CrunchMath\CrunchMath\src\Physics\Body.h">
      <Filter>src\Physics</Filter>
    </ClInclude>
    <ClInclude Include="C:\Dev\MyProjects\CrunchMath\CrunchMath\src\Physics\Collisions.h">
      <Filter>src\Physics</Filter>
    </ClInclude>
    <ClInclude Include="C:\Dev\MyProjects\CrunchMath\CrunchMath\src\Physics\Contacts.h">
      <Filter>src\Physics</Filter>
    </ClInclude>
    <ClInclude Include="C:\Dev\MyProjects\CrunchMath\CrunchMath\include\CrunchMath.h">
      <Filter>include</Filter>
    </ClInclude>
  </ItemGroup>
  <ItemGroup>
    <CustomBuild Include="C:\Dev\MyProjects\CrunchMath\CrunchMath\CMakeLists.txt" />
  </ItemGroup>
  <ItemGroup>
    <Filter Include="include">
      <UniqueIdentifier>{D10DF923-1723-38CF-8B5B-3C855A35791F}</UniqueIdentifier>
    </Filter>
    <Filter Include="src">
      <UniqueIdentifier>{6FCF1D4E-CA6B-31E4-855E-13271B646B2A}</UniqueIdentifier>
    </Filter>
    <Filter Include="src\Math">
      <UniqueIdentifier>{058F74B6-4D9E-37AD-9951-EF7A19F35598}</UniqueIdentifier>
    </Filter>
    <Filter Include="src\Math\BVH">
      <UniqueIdentifier>{BEE6F3C0-D4E9-3E56-AE33-2FA246BA8340}</UniqueIdentifier>
    </Filter>
    <Filter Include="src\Physics">
      <UniqueIdentifier>{6C6D6619-381C-39D4-ACCB-A694CBF66F9E}</UniqueIdentifier>
    </Filter>
  </ItemGroup>
</Project>
