<?xml version="1.0" encoding="utf-8"?>
<Project ToolsVersion="16.0" xmlns="http://schemas.microsoft.com/developer/msbuild/2003">
  <ItemGroup>
    <ClCompile Include="C:\MyCareer\GameEngineDev\CrunchMath\CrunchMath\src\AABB.cpp">
      <Filter>src</Filter>
    </ClCompile>
    <ClCompile Include="C:\MyCareer\GameEngineDev\CrunchMath\CrunchMath\src\BVH\BVHSphere.cpp">
      <Filter>src\BVH</Filter>
    </ClCompile>
    <ClCompile Include="C:\MyCareer\GameEngineDev\CrunchMath\CrunchMath\src\Mat4x4.cpp">
      <Filter>src</Filter>
    </ClCompile>
    <ClCompile Include="C:\MyCareer\GameEngineDev\CrunchMath\CrunchMath\src\Math_Util.cpp">
      <Filter>src</Filter>
    </ClCompile>
    <ClCompile Include="C:\MyCareer\GameEngineDev\CrunchMath\CrunchMath\src\OBB.cpp">
      <Filter>src</Filter>
    </ClCompile>
    <ClCompile Include="C:\MyCareer\GameEngineDev\CrunchMath\CrunchMath\src\Quaternion.cpp">
      <Filter>src</Filter>
    </ClCompile>
    <ClCompile Include="C:\MyCareer\GameEngineDev\CrunchMath\CrunchMath\src\Sphere.cpp">
      <Filter>src</Filter>
    </ClCompile>
    <ClCompile Include="C:\MyCareer\GameEngineDev\CrunchMath\CrunchMath\src\Vec3.cpp">
      <Filter>src</Filter>
    </ClCompile>
    <ClCompile Include="C:\MyCareer\GameEngineDev\CrunchMath\CrunchMath\src\Vec4.cpp">
      <Filter>src</Filter>
    </ClCompile>
  </ItemGroup>
  <ItemGroup>
    <ClInclude Include="C:\MyCareer\GameEngineDev\CrunchMath\CrunchMath\src\AABB.h">
      <Filter>src</Filter>
    </ClInclude>
    <ClInclude Include="C:\MyCareer\GameEngineDev\CrunchMath\CrunchMath\src\BVH\BVHDS.hpp">
      <Filter>src\BVH</Filter>
    </ClInclude>
    <ClInclude Include="C:\MyCareer\GameEngineDev\CrunchMath\CrunchMath\src\BVH\BVHSphere.h">
      <Filter>src\BVH</Filter>
    </ClInclude>
    <ClInclude Include="C:\MyCareer\GameEngineDev\CrunchMath\CrunchMath\src\GeometricUtility.h">
      <Filter>src</Filter>
    </ClInclude>
    <ClInclude Include="C:\MyCareer\GameEngineDev\CrunchMath\CrunchMath\src\Mat4x4.h">
      <Filter>src</Filter>
    </ClInclude>
    <ClInclude Include="C:\MyCareer\GameEngineDev\CrunchMath\CrunchMath\src\Math_Util.h">
      <Filter>src</Filter>
    </ClInclude>
    <ClInclude Include="C:\MyCareer\GameEngineDev\CrunchMath\CrunchMath\src\OBB.h">
      <Filter>src</Filter>
    </ClInclude>
    <ClInclude Include="C:\MyCareer\GameEngineDev\CrunchMath\CrunchMath\src\Quaternion.h">
      <Filter>src</Filter>
    </ClInclude>
    <ClInclude Include="C:\MyCareer\GameEngineDev\CrunchMath\CrunchMath\src\Sphere.h">
      <Filter>src</Filter>
    </ClInclude>
    <ClInclude Include="C:\MyCareer\GameEngineDev\CrunchMath\CrunchMath\src\Vec3.h">
      <Filter>src</Filter>
    </ClInclude>
    <ClInclude Include="C:\MyCareer\GameEngineDev\CrunchMath\CrunchMath\src\Vec4.h">
      <Filter>src</Filter>
    </ClInclude>
    <ClInclude Include="C:\MyCareer\GameEngineDev\CrunchMath\CrunchMath\include\CrunchMath.h">
      <Filter>include</Filter>
    </ClInclude>
  </ItemGroup>
  <ItemGroup>
    <CustomBuild Include="C:\MyCareer\GameEngineDev\CrunchMath\CrunchMath\CMakeLists.txt" />
  </ItemGroup>
  <ItemGroup>
    <Filter Include="include">
      <UniqueIdentifier>{C9CAAE4D-9676-363A-9448-929919E022A4}</UniqueIdentifier>
    </Filter>
    <Filter Include="src">
      <UniqueIdentifier>{099838A6-CB4C-3B89-A3AA-B2BEAB5124DE}</UniqueIdentifier>
    </Filter>
    <Filter Include="src\BVH">
      <UniqueIdentifier>{D071947C-937E-315A-8382-B310791E46C0}</UniqueIdentifier>
    </Filter>
  </ItemGroup>
</Project>
