Microsoft Visual Studio Solution File, Format Version 12.00
# Visual Studio 16
Project("{2150E333-8FDC-42A3-9474-1A3956D46DE8}") = "CMakePredefinedTargets", "CMakePredefinedTargets", "{71DFAA41-0FC1-33F1-8813-8C3583178474}"
EndProject
Project("{2150E333-8FDC-42A3-9474-1A3956D46DE8}") = "GLFW3", "GLFW3", "{47CBE23D-C4EA-366C-AC67-B03C9FF6E540}"
EndProject
Project("{8BC9CEB8-8B4A-11D0-8D11-00A0C91BC942}") = "TestBed2D", "TestBed2D\TestBed2D.vcxproj", "{9416CA95-552E-39DA-8744-C945B7EBDEA3}"
	ProjectSection(ProjectDependencies) = postProject
		{CBE527DC-0048-3E07-A792-0F8C47A88CC3} = {CBE527DC-0048-3E07-A792-0F8C47A88CC3}
		{C99138BE-9891-37D5-B124-A5418E23C69E} = {C99138BE-9891-37D5-B124-A5418E23C69E}
		{1325C55C-380C-3F15-8167-9BD438480348} = {1325C55C-380C-3F15-8167-9BD438480348}
		{23F3A258-90A4-39CC-8EB4-11B404750904} = {23F3A258-90A4-39CC-8EB4-11B404750904}
	EndProjectSection
EndProject
Project("{8BC9CEB8-8B4A-11D0-8D11-00A0C91BC942}") = "ALL_BUILD", "ALL_BUILD.vcxproj", "{DD9AB4BE-894B-3160-BB4E-1E9679656192}"
	ProjectSection(ProjectDependencies) = postProject
		{CBE527DC-0048-3E07-A792-0F8C47A88CC3} = {CBE527DC-0048-3E07-A792-0F8C47A88CC3}
		{9416CA95-552E-39DA-8744-C945B7EBDEA3} = {9416CA95-552E-39DA-8744-C945B7EBDEA3}
		{7E64631E-F212-350B-BBF2-67C37DD82ADA} = {7E64631E-F212-350B-BBF2-67C37DD82ADA}
		{C99138BE-9891-37D5-B124-A5418E23C69E} = {C99138BE-9891-37D5-B124-A5418E23C69E}
		{1325C55C-380C-3F15-8167-9BD438480348} = {1325C55C-380C-3F15-8167-9BD438480348}
		{23F3A258-90A4-39CC-8EB4-11B404750904} = {23F3A258-90A4-39CC-8EB4-11B404750904}
	EndProjectSection
EndProject
Project("{8BC9CEB8-8B4A-11D0-8D11-00A0C91BC942}") = "CrunchMath", "CrunchMath\CrunchMath.vcxproj", "{CBE527DC-0048-3E07-A792-0F8C47A88CC3}"
	ProjectSection(ProjectDependencies) = postProject
		{C99138BE-9891-37D5-B124-A5418E23C69E} = {C99138BE-9891-37D5-B124-A5418E23C69E}
	EndProjectSection
EndProject
Project("{8BC9CEB8-8B4A-11D0-8D11-00A0C91BC942}") = "INSTALL", "INSTALL.vcxproj", "{D05AE574-220D-3E2C-8DBE-F06EB66AE9C8}"
	ProjectSection(ProjectDependencies) = postProject
		{DD9AB4BE-894B-3160-BB4E-1E9679656192} = {DD9AB4BE-894B-3160-BB4E-1E9679656192}
		{C99138BE-9891-37D5-B124-A5418E23C69E} = {C99138BE-9891-37D5-B124-A5418E23C69E}
	EndProjectSection
EndProject
Project("{8BC9CEB8-8B4A-11D0-8D11-00A0C91BC942}") = "UnitTest", "UnitTest\UnitTest.vcxproj", "{7E64631E-F212-350B-BBF2-67C37DD82ADA}"
	ProjectSection(ProjectDependencies) = postProject
		{CBE527DC-0048-3E07-A792-0F8C47A88CC3} = {CBE527DC-0048-3E07-A792-0F8C47A88CC3}
		{C99138BE-9891-37D5-B124-A5418E23C69E} = {C99138BE-9891-37D5-B124-A5418E23C69E}
	EndProjectSection
EndProject
Project("{8BC9CEB8-8B4A-11D0-8D11-00A0C91BC942}") = "ZERO_CHECK", "ZERO_CHECK.vcxproj", "{C99138BE-9891-37D5-B124-A5418E23C69E}"
	ProjectSection(ProjectDependencies) = postProject
	EndProjectSection
EndProject
Project("{8BC9CEB8-8B4A-11D0-8D11-00A0C91BC942}") = "glad", "Dependencies\glad\glad.vcxproj", "{1325C55C-380C-3F15-8167-9BD438480348}"
	ProjectSection(ProjectDependencies) = postProject
		{C99138BE-9891-37D5-B124-A5418E23C69E} = {C99138BE-9891-37D5-B124-A5418E23C69E}
	EndProjectSection
EndProject
Project("{8BC9CEB8-8B4A-11D0-8D11-00A0C91BC942}") = "glfw", "Dependencies\glfw\src\glfw.vcxproj", "{23F3A258-90A4-39CC-8EB4-11B404750904}"
	ProjectSection(ProjectDependencies) = postProject
		{C99138BE-9891-37D5-B124-A5418E23C69E} = {C99138BE-9891-37D5-B124-A5418E23C69E}
	EndProjectSection
EndProject
Project("{8BC9CEB8-8B4A-11D0-8D11-00A0C91BC942}") = "uninstall", "Dependencies\glfw\uninstall.vcxproj", "{4C8463D7-73D7-37C2-9B8A-761BBD84D7B3}"
	ProjectSection(ProjectDependencies) = postProject
		{C99138BE-9891-37D5-B124-A5418E23C69E} = {C99138BE-9891-37D5-B124-A5418E23C69E}
	EndProjectSection
EndProject
Global
	GlobalSection(SolutionConfigurationPlatforms) = preSolution
		Debug|x64 = Debug|x64
		Release|x64 = Release|x64
		MinSizeRel|x64 = MinSizeRel|x64
		RelWithDebInfo|x64 = RelWithDebInfo|x64
	EndGlobalSection
	GlobalSection(ProjectConfigurationPlatforms) = postSolution
		{9416CA95-552E-39DA-8744-C945B7EBDEA3}.Debug|x64.ActiveCfg = Debug|x64
		{9416CA95-552E-39DA-8744-C945B7EBDEA3}.Debug|x64.Build.0 = Debug|x64
		{9416CA95-552E-39DA-8744-C945B7EBDEA3}.Release|x64.ActiveCfg = Release|x64
		{9416CA95-552E-39DA-8744-C945B7EBDEA3}.Release|x64.Build.0 = Release|x64
		{9416CA95-552E-39DA-8744-C945B7EBDEA3}.MinSizeRel|x64.ActiveCfg = MinSizeRel|x64
		{9416CA95-552E-39DA-8744-C945B7EBDEA3}.MinSizeRel|x64.Build.0 = MinSizeRel|x64
		{9416CA95-552E-39DA-8744-C945B7EBDEA3}.RelWithDebInfo|x64.ActiveCfg = RelWithDebInfo|x64
		{9416CA95-552E-39DA-8744-C945B7EBDEA3}.RelWithDebInfo|x64.Build.0 = RelWithDebInfo|x64
		{DD9AB4BE-894B-3160-BB4E-1E9679656192}.Debug|x64.ActiveCfg = Debug|x64
		{DD9AB4BE-894B-3160-BB4E-1E9679656192}.Debug|x64.Build.0 = Debug|x64
		{DD9AB4BE-894B-3160-BB4E-1E9679656192}.Release|x64.ActiveCfg = Release|x64
		{DD9AB4BE-894B-3160-BB4E-1E9679656192}.Release|x64.Build.0 = Release|x64
		{DD9AB4BE-894B-3160-BB4E-1E9679656192}.MinSizeRel|x64.ActiveCfg = MinSizeRel|x64
		{DD9AB4BE-894B-3160-BB4E-1E9679656192}.MinSizeRel|x64.Build.0 = MinSizeRel|x64
		{DD9AB4BE-894B-3160-BB4E-1E9679656192}.RelWithDebInfo|x64.ActiveCfg = RelWithDebInfo|x64
		{DD9AB4BE-894B-3160-BB4E-1E9679656192}.RelWithDebInfo|x64.Build.0 = RelWithDebInfo|x64
		{CBE527DC-0048-3E07-A792-0F8C47A88CC3}.Debug|x64.ActiveCfg = Debug|x64
		{CBE527DC-0048-3E07-A792-0F8C47A88CC3}.Debug|x64.Build.0 = Debug|x64
		{CBE527DC-0048-3E07-A792-0F8C47A88CC3}.Release|x64.ActiveCfg = Release|x64
		{CBE527DC-0048-3E07-A792-0F8C47A88CC3}.Release|x64.Build.0 = Release|x64
		{CBE527DC-0048-3E07-A792-0F8C47A88CC3}.MinSizeRel|x64.ActiveCfg = MinSizeRel|x64
		{CBE527DC-0048-3E07-A792-0F8C47A88CC3}.MinSizeRel|x64.Build.0 = MinSizeRel|x64
		{CBE527DC-0048-3E07-A792-0F8C47A88CC3}.RelWithDebInfo|x64.ActiveCfg = RelWithDebInfo|x64
		{CBE527DC-0048-3E07-A792-0F8C47A88CC3}.RelWithDebInfo|x64.Build.0 = RelWithDebInfo|x64
		{D05AE574-220D-3E2C-8DBE-F06EB66AE9C8}.Debug|x64.ActiveCfg = Debug|x64
		{D05AE574-220D-3E2C-8DBE-F06EB66AE9C8}.Release|x64.ActiveCfg = Release|x64
		{D05AE574-220D-3E2C-8DBE-F06EB66AE9C8}.MinSizeRel|x64.ActiveCfg = MinSizeRel|x64
		{D05AE574-220D-3E2C-8DBE-F06EB66AE9C8}.RelWithDebInfo|x64.ActiveCfg = RelWithDebInfo|x64
		{7E64631E-F212-350B-BBF2-67C37DD82ADA}.Debug|x64.ActiveCfg = Debug|x64
		{7E64631E-F212-350B-BBF2-67C37DD82ADA}.Debug|x64.Build.0 = Debug|x64
		{7E64631E-F212-350B-BBF2-67C37DD82ADA}.Release|x64.ActiveCfg = Release|x64
		{7E64631E-F212-350B-BBF2-67C37DD82ADA}.Release|x64.Build.0 = Release|x64
		{7E64631E-F212-350B-BBF2-67C37DD82ADA}.MinSizeRel|x64.ActiveCfg = MinSizeRel|x64
		{7E64631E-F212-350B-BBF2-67C37DD82ADA}.MinSizeRel|x64.Build.0 = MinSizeRel|x64
		{7E64631E-F212-350B-BBF2-67C37DD82ADA}.RelWithDebInfo|x64.ActiveCfg = RelWithDebInfo|x64
		{7E64631E-F212-350B-BBF2-67C37DD82ADA}.RelWithDebInfo|x64.Build.0 = RelWithDebInfo|x64
		{C99138BE-9891-37D5-B124-A5418E23C69E}.Debug|x64.ActiveCfg = Debug|x64
		{C99138BE-9891-37D5-B124-A5418E23C69E}.Debug|x64.Build.0 = Debug|x64
		{C99138BE-9891-37D5-B124-A5418E23C69E}.Release|x64.ActiveCfg = Release|x64
		{C99138BE-9891-37D5-B124-A5418E23C69E}.Release|x64.Build.0 = Release|x64
		{C99138BE-9891-37D5-B124-A5418E23C69E}.MinSizeRel|x64.ActiveCfg = MinSizeRel|x64
		{C99138BE-9891-37D5-B124-A5418E23C69E}.MinSizeRel|x64.Build.0 = MinSizeRel|x64
		{C99138BE-9891-37D5-B124-A5418E23C69E}.RelWithDebInfo|x64.ActiveCfg = RelWithDebInfo|x64
		{C99138BE-9891-37D5-B124-A5418E23C69E}.RelWithDebInfo|x64.Build.0 = RelWithDebInfo|x64
		{1325C55C-380C-3F15-8167-9BD438480348}.Debug|x64.ActiveCfg = Debug|x64
		{1325C55C-380C-3F15-8167-9BD438480348}.Debug|x64.Build.0 = Debug|x64
		{1325C55C-380C-3F15-8167-9BD438480348}.Release|x64.ActiveCfg = Release|x64
		{1325C55C-380C-3F15-8167-9BD438480348}.Release|x64.Build.0 = Release|x64
		{1325C55C-380C-3F15-8167-9BD438480348}.MinSizeRel|x64.ActiveCfg = MinSizeRel|x64
		{1325C55C-380C-3F15-8167-9BD438480348}.MinSizeRel|x64.Build.0 = MinSizeRel|x64
		{1325C55C-380C-3F15-8167-9BD438480348}.RelWithDebInfo|x64.ActiveCfg = RelWithDebInfo|x64
		{1325C55C-380C-3F15-8167-9BD438480348}.RelWithDebInfo|x64.Build.0 = RelWithDebInfo|x64
		{23F3A258-90A4-39CC-8EB4-11B404750904}.Debug|x64.ActiveCfg = Debug|x64
		{23F3A258-90A4-39CC-8EB4-11B404750904}.Debug|x64.Build.0 = Debug|x64
		{23F3A258-90A4-39CC-8EB4-11B404750904}.Release|x64.ActiveCfg = Release|x64
		{23F3A258-90A4-39CC-8EB4-11B404750904}.Release|x64.Build.0 = Release|x64
		{23F3A258-90A4-39CC-8EB4-11B404750904}.MinSizeRel|x64.ActiveCfg = MinSizeRel|x64
		{23F3A258-90A4-39CC-8EB4-11B404750904}.MinSizeRel|x64.Build.0 = MinSizeRel|x64
		{23F3A258-90A4-39CC-8EB4-11B404750904}.RelWithDebInfo|x64.ActiveCfg = RelWithDebInfo|x64
		{23F3A258-90A4-39CC-8EB4-11B404750904}.RelWithDebInfo|x64.Build.0 = RelWithDebInfo|x64
		{4C8463D7-73D7-37C2-9B8A-761BBD84D7B3}.Debug|x64.ActiveCfg = Debug|x64
		{4C8463D7-73D7-37C2-9B8A-761BBD84D7B3}.Release|x64.ActiveCfg = Release|x64
		{4C8463D7-73D7-37C2-9B8A-761BBD84D7B3}.MinSizeRel|x64.ActiveCfg = MinSizeRel|x64
		{4C8463D7-73D7-37C2-9B8A-761BBD84D7B3}.RelWithDebInfo|x64.ActiveCfg = RelWithDebInfo|x64
	EndGlobalSection
	GlobalSection(NestedProjects) = preSolution
		{DD9AB4BE-894B-3160-BB4E-1E9679656192} = {71DFAA41-0FC1-33F1-8813-8C3583178474}
		{D05AE574-220D-3E2C-8DBE-F06EB66AE9C8} = {71DFAA41-0FC1-33F1-8813-8C3583178474}
		{C99138BE-9891-37D5-B124-A5418E23C69E} = {71DFAA41-0FC1-33F1-8813-8C3583178474}
		{23F3A258-90A4-39CC-8EB4-11B404750904} = {47CBE23D-C4EA-366C-AC67-B03C9FF6E540}
		{4C8463D7-73D7-37C2-9B8A-761BBD84D7B3} = {47CBE23D-C4EA-366C-AC67-B03C9FF6E540}
	EndGlobalSection
	GlobalSection(ExtensibilityGlobals) = postSolution
		SolutionGuid = {1C980F15-4929-3AAF-9508-850A11985F65}
	EndGlobalSection
	GlobalSection(ExtensibilityAddIns) = postSolution
	EndGlobalSection
EndGlobal
