<?xml version="1.0" encoding="utf-8"?>
<Project ToolsVersion="16.0" xmlns="http://schemas.microsoft.com/developer/msbuild/2003">
  <ItemGroup>
    <CustomBuild Include="C:\Dev\MyProjects\CrunchMath\WindowsBuild\CMakeFiles\fb9d5c57008da3ac97d55e3290cbc88e\INSTALL_force.rule">
      <Filter>CMake Rules</Filter>
    </CustomBuild>
  </ItemGroup>
  <ItemGroup>
    <Filter Include="CMake Rules">
      <UniqueIdentifier>{0E52269D-01F9-374E-AA11-AEDDEAFC86A3}</UniqueIdentifier>
    </Filter>
  </ItemGroup>
</Project>
