<?xml version="1.0" encoding="utf-8"?>
<Project ToolsVersion="16.0" xmlns="http://schemas.microsoft.com/developer/msbuild/2003">
  <ItemGroup>
    <CustomBuild Include="C:\MyCareer\GameEngineDev\CrunchMath\WindowsBuild\CMakeFiles\c6ebbaff0632461dabf36ea615849b3e\generate.stamp.rule">
      <Filter>CMake Rules</Filter>
    </CustomBuild>
  </ItemGroup>
  <ItemGroup>
    <Filter Include="CMake Rules">
      <UniqueIdentifier>{7A2AED00-E99D-3444-BC0D-4F9018E4944C}</UniqueIdentifier>
    </Filter>
  </ItemGroup>
</Project>
